
Microsoft Visual Studio Solution File, Format Version 11.00
# Visual Studio 2010
Project("{FAE04EC0-301F-11D3-BF4B-00C04F79EFBC}") = "Presentacion", "Presentacion\Presentacion.csproj", "{500B71E6-6134-4619-84D6-94E204F07021}"
EndProject
Project("{FAE04EC0-301F-11D3-BF4B-00C04F79EFBC}") = "Logica", "Logica\Logica.csproj", "{94E47FA0-5309-48A0-A060-49CF61BAE615}"
EndProject
Project("{FAE04EC0-301F-11D3-BF4B-00C04F79EFBC}") = "Datos", "Datos\Datos.csproj", "{BA6ADE26-0252-437E-8D5F-6B392961F6EB}"
EndProject
Global
	GlobalSection(SolutionConfigurationPlatforms) = preSolution
		Debug|Any CPU = Debug|Any CPU
		Debug|Mixed Platforms = Debug|Mixed Platforms
		Debug|x86 = Debug|x86
		Release|Any CPU = Release|Any CPU
		Release|Mixed Platforms = Release|Mixed Platforms
		Release|x86 = Release|x86
	EndGlobalSection
	GlobalSection(ProjectConfigurationPlatforms) = postSolution
		{500B71E6-6134-4619-84D6-94E204F07021}.Debug|Any CPU.ActiveCfg = Debug|x86
		{500B71E6-6134-4619-84D6-94E204F07021}.Debug|Mixed Platforms.ActiveCfg = Debug|x86
		{500B71E6-6134-4619-84D6-94E204F07021}.Debug|Mixed Platforms.Build.0 = Debug|x86
		{500B71E6-6134-4619-84D6-94E204F07021}.Debug|x86.ActiveCfg = Debug|x86
		{500B71E6-6134-4619-84D6-94E204F07021}.Debug|x86.Build.0 = Debug|x86
		{500B71E6-6134-4619-84D6-94E204F07021}.Release|Any CPU.ActiveCfg = Release|x86
		{500B71E6-6134-4619-84D6-94E204F07021}.Release|Mixed Platforms.ActiveCfg = Release|x86
		{500B71E6-6134-4619-84D6-94E204F07021}.Release|Mixed Platforms.Build.0 = Release|x86
		{500B71E6-6134-4619-84D6-94E204F07021}.Release|x86.ActiveCfg = Release|x86
		{500B71E6-6134-4619-84D6-94E204F07021}.Release|x86.Build.0 = Release|x86
		{94E47FA0-5309-48A0-A060-49CF61BAE615}.Debug|Any CPU.ActiveCfg = Debug|Any CPU
		{94E47FA0-5309-48A0-A060-49CF61BAE615}.Debug|Any CPU.Build.0 = Debug|Any CPU
		{94E47FA0-5309-48A0-A060-49CF61BAE615}.Debug|Mixed Platforms.ActiveCfg = Debug|Any CPU
		{94E47FA0-5309-48A0-A060-49CF61BAE615}.Debug|Mixed Platforms.Build.0 = Debug|Any CPU
		{94E47FA0-5309-48A0-A060-49CF61BAE615}.Debug|x86.ActiveCfg = Debug|Any CPU
		{94E47FA0-5309-48A0-A060-49CF61BAE615}.Release|Any CPU.ActiveCfg = Release|Any CPU
		{94E47FA0-5309-48A0-A060-49CF61BAE615}.Release|Any CPU.Build.0 = Release|Any CPU
		{94E47FA0-5309-48A0-A060-49CF61BAE615}.Release|Mixed Platforms.ActiveCfg = Release|Any CPU
		{94E47FA0-5309-48A0-A060-49CF61BAE615}.Release|Mixed Platforms.Build.0 = Release|Any CPU
		{94E47FA0-5309-48A0-A060-49CF61BAE615}.Release|x86.ActiveCfg = Release|Any CPU
		{BA6ADE26-0252-437E-8D5F-6B392961F6EB}.Debug|Any CPU.ActiveCfg = Debug|Any CPU
		{BA6ADE26-0252-437E-8D5F-6B392961F6EB}.Debug|Any CPU.Build.0 = Debug|Any CPU
		{BA6ADE26-0252-437E-8D5F-6B392961F6EB}.Debug|Mixed Platforms.ActiveCfg = Debug|Any CPU
		{BA6ADE26-0252-437E-8D5F-6B392961F6EB}.Debug|Mixed Platforms.Build.0 = Debug|Any CPU
		{BA6ADE26-0252-437E-8D5F-6B392961F6EB}.Debug|x86.ActiveCfg = Debug|Any CPU
		{BA6ADE26-0252-437E-8D5F-6B392961F6EB}.Release|Any CPU.ActiveCfg = Release|Any CPU
		{BA6ADE26-0252-437E-8D5F-6B392961F6EB}.Release|Any CPU.Build.0 = Release|Any CPU
		{BA6ADE26-0252-437E-8D5F-6B392961F6EB}.Release|Mixed Platforms.ActiveCfg = Release|Any CPU
		{BA6ADE26-0252-437E-8D5F-6B392961F6EB}.Release|Mixed Platforms.Build.0 = Release|Any CPU
		{BA6ADE26-0252-437E-8D5F-6B392961F6EB}.Release|x86.ActiveCfg = Release|Any CPU
	EndGlobalSection
	GlobalSection(SolutionProperties) = preSolution
		HideSolutionNode = FALSE
	EndGlobalSection
EndGlobal
